
Microsoft Visual Studio Solution File, Format Version 12.00
# Visual Studio Version 17
VisualStudioVersion = 17.0.31903.59
MinimumVisualStudioVersion = 10.0.40219.1
Project("{FAE04EC0-301F-11D3-BF4B-00C04F79EFBC}") = "YourProjectName.WebApi", "YourProjectName.WebApi\YourProjectName.WebApi.csproj", "{B713EF79-5F82-B022-9A83-8805830859E2}"
EndProject
Project("{FAE04EC0-301F-11D3-BF4B-00C04F79EFBC}") = "YourProjectName.Application", "YourProjectName.Application\YourProjectName.Application.csproj", "{FBB1D45B-22E0-4FEB-85CA-2A1D5457FE30}"
EndProject
Project("{FAE04EC0-301F-11D3-BF4B-00C04F79EFBC}") = "YourProjectName.Infrastructure", "YourProjectName.Infrastructure\YourProjectName.Infrastructure.csproj", "{430451E7-4E6D-41B0-9394-9864FB11271F}"
EndProject
Project("{FAE04EC0-301F-11D3-BF4B-00C04F79EFBC}") = "YourProjectName.Domain", "YourProjectName.Domain\YourProjectName.Domain.csproj", "{0A55F2E9-49E5-4BCB-B87D-EC74C6EC650A}"
EndProject
Project("{2150E333-8FDC-42A3-9474-1A3956D46DE8}") = "Solution Items", "Solution Items", "{02EA681E-C7D8-13C7-8484-4AC65E1B71E8}"
	ProjectSection(SolutionItems) = preProject
		.editorconfig = .editorconfig
	EndProjectSection
EndProject
Project("{FAE04EC0-301F-11D3-BF4B-00C04F79EFBC}") = "YourProjectName.Shared", "YourProjectName.Shared\YourProjectName.Shared.csproj", "{B7A00B5B-50B5-422B-ACC0-3E1BA4B2DD98}"
EndProject
Project("{E53339B2-1760-4266-BCC7-CA923CBCF16C}") = "docker-compose", "docker-compose.dcproj", "{81DDED9D-158B-E303-5F62-77A2896D2A5A}"
EndProject
Global
	GlobalSection(SolutionConfigurationPlatforms) = preSolution
		Debug|Any CPU = Debug|Any CPU
		Release|Any CPU = Release|Any CPU
	EndGlobalSection
	GlobalSection(ProjectConfigurationPlatforms) = postSolution
		{B713EF79-5F82-B022-9A83-8805830859E2}.Debug|Any CPU.ActiveCfg = Debug|Any CPU
		{B713EF79-5F82-B022-9A83-8805830859E2}.Debug|Any CPU.Build.0 = Debug|Any CPU
		{B713EF79-5F82-B022-9A83-8805830859E2}.Release|Any CPU.ActiveCfg = Release|Any CPU
		{B713EF79-5F82-B022-9A83-8805830859E2}.Release|Any CPU.Build.0 = Release|Any CPU
		{FBB1D45B-22E0-4FEB-85CA-2A1D5457FE30}.Debug|Any CPU.ActiveCfg = Debug|Any CPU
		{FBB1D45B-22E0-4FEB-85CA-2A1D5457FE30}.Debug|Any CPU.Build.0 = Debug|Any CPU
		{FBB1D45B-22E0-4FEB-85CA-2A1D5457FE30}.Release|Any CPU.ActiveCfg = Release|Any CPU
		{FBB1D45B-22E0-4FEB-85CA-2A1D5457FE30}.Release|Any CPU.Build.0 = Release|Any CPU
		{430451E7-4E6D-41B0-9394-9864FB11271F}.Debug|Any CPU.ActiveCfg = Debug|Any CPU
		{430451E7-4E6D-41B0-9394-9864FB11271F}.Debug|Any CPU.Build.0 = Debug|Any CPU
		{430451E7-4E6D-41B0-9394-9864FB11271F}.Release|Any CPU.ActiveCfg = Release|Any CPU
		{430451E7-4E6D-41B0-9394-9864FB11271F}.Release|Any CPU.Build.0 = Release|Any CPU
		{0A55F2E9-49E5-4BCB-B87D-EC74C6EC650A}.Debug|Any CPU.ActiveCfg = Debug|Any CPU
		{0A55F2E9-49E5-4BCB-B87D-EC74C6EC650A}.Debug|Any CPU.Build.0 = Debug|Any CPU
		{0A55F2E9-49E5-4BCB-B87D-EC74C6EC650A}.Release|Any CPU.ActiveCfg = Release|Any CPU
		{0A55F2E9-49E5-4BCB-B87D-EC74C6EC650A}.Release|Any CPU.Build.0 = Release|Any CPU
		{B7A00B5B-50B5-422B-ACC0-3E1BA4B2DD98}.Debug|Any CPU.ActiveCfg = Debug|Any CPU
		{B7A00B5B-50B5-422B-ACC0-3E1BA4B2DD98}.Debug|Any CPU.Build.0 = Debug|Any CPU
		{B7A00B5B-50B5-422B-ACC0-3E1BA4B2DD98}.Release|Any CPU.ActiveCfg = Release|Any CPU
		{B7A00B5B-50B5-422B-ACC0-3E1BA4B2DD98}.Release|Any CPU.Build.0 = Release|Any CPU
		{81DDED9D-158B-E303-5F62-77A2896D2A5A}.Debug|Any CPU.ActiveCfg = Debug|Any CPU
		{81DDED9D-158B-E303-5F62-77A2896D2A5A}.Debug|Any CPU.Build.0 = Debug|Any CPU
		{81DDED9D-158B-E303-5F62-77A2896D2A5A}.Release|Any CPU.ActiveCfg = Release|Any CPU
		{81DDED9D-158B-E303-5F62-77A2896D2A5A}.Release|Any CPU.Build.0 = Release|Any CPU
	EndGlobalSection
	GlobalSection(SolutionProperties) = preSolution
		HideSolutionNode = FALSE
	EndGlobalSection
	GlobalSection(ExtensibilityGlobals) = postSolution
		SolutionGuid = {C95D6C57-5E11-469A-8A9B-6031CA6A5C9C}
	EndGlobalSection
EndGlobal
